[[package]]
name = "display"
version = "0.1.0"
dependencies = [
 "embedded-graphics 0.4.4 (registry+https://github.com/rust-lang/crates.io-index)",
 "rgb 0.8.11 (registry+https://github.com/rust-lang/crates.io-index)",
]

[[package]]
name = "embedded-graphics"
version = "0.4.4"
source = "registry+https://github.com/rust-lang/crates.io-index"

[[package]]
name = "rgb"
version = "0.8.11"
source = "registry+https://github.com/rust-lang/crates.io-index"

[metadata]
"checksum embedded-graphics 0.4.4 (registry+https://github.com/rust-lang/crates.io-index)" = "07772ff24286d8ed4e5363b6b2a7d37654ffe10728d0fd8411f9b98e3bacbc00"
"checksum rgb 0.8.11 (registry+https://github.com/rust-lang/crates.io-index)" = "002bebda58b24482d6911a59512e8a17fa1defecf5a2162521113b7cc5422dd1"
